{
    "_meta": {
        "hash": {
            "sha256": "2bf167f6a72aaa0f48f5876945f2a37874f3f114dad5e952cd7df9dfe8d9d281"
        },
        "pipfile-spec": 6,
        "requires": {
            "python_version": "3.10"
        },
        "sources": [
            {
                "name": "pypi",
                "url": "https://pypi.org/simple",
                "verify_ssl": true
            }
        ]
    },
    "default": {
        "sqlparse": {
            "hashes": [
                "sha256:0323c0ec29cd52bceabc1b4d9d579e311f3e4961b98d174201d5622a23b85e34",
                "sha256:69ca804846bb114d2ec380e4360a8a340db83f0ccf3afceeb1404df028f57268"
            ],
            "index": "pypi",
            "version": "==0.4.3"
        }
    },
    "develop": {}
}
